# lwpt.lock - generated by lwpt; do not edit by hand.
version = 3

[package.testing]
source = "frostney/lwpt"
resolvedRef = "0.6.0"
resolvedCommit = "dcab75b04df539cee97ad9a1bb590d7f14b051ad"
sourceIdentity = "git|https://github.com/frostney/lwpt.git|exclude=**/*.Test.pas|include=packages/testing/**"
constraintFingerprint = "sha256:fbd7c3bf1635c1eb0955103daf78cac32fa9f788f543d9e9231ea9fe4d5b63d9"
resolvedURL = "https://github.com/frostney/lwpt/archive/dcab75b04df539cee97ad9a1bb590d7f14b051ad.tar.gz"
computedHash = "sha256:30707fbd9136c1b8dfa944b8fdccbac2d189e06f5131ae581735b6cefeaa196e"
archiveHash = "sha256:8543f871d32f146dcbcceb6478802cc28a0f5182cff728fded8544dc44682775"
