# lwpt.lock - generated by lwpt; do not edit by hand.
version = 3

[package.testing]
source = "frostney/lwpt"
resolvedRef = "0.2.0"
resolvedURL = "https://github.com/frostney/lwpt/archive/0.2.0.tar.gz"
computedHash = "sha256:3f70068a26b9ebd58cf6768c052baec8a455407355ece0b4b16cd37376471cc9"
archiveHash = "sha256:f0cfd07ec5e2bd5f68cb99311f7722ff16505278a141cd95205f7f879b6400d0"
